
Microsoft Visual Studio Solution File, Format Version 12.00
# Visual Studio Version 17
VisualStudioVersion = 17.0.32014.148
MinimumVisualStudioVersion = 10.0.40219.1
Project("{2150E333-8FDC-42A3-9474-1A3956D46DE8}") = "src", "src", "{A291B7DD-84F0-494C-A4C1-E3C5D70F6A60}"
EndProject
Project("{2150E333-8FDC-42A3-9474-1A3956D46DE8}") = "test", "test", "{A4367589-9945-4D6C-9134-C11C2B79EE05}"
EndProject
Project("{9A19103F-16F7-4668-BE54-9A1E7A4F7556}") = "CalifornianHealth.Core", "src\CalifornianHealth.Core\CalifornianHealth.Core.csproj", "{BE086C21-9F1E-4C01-8575-AE2617FF0713}"
EndProject
Project("{9A19103F-16F7-4668-BE54-9A1E7A4F7556}") = "CalifornianHealth.WebSite", "src\CalifornianHealth.WebSite\CalifornianHealth.WebSite.csproj", "{41ADBBF0-CFE9-4A6D-B495-103E79CCBF46}"
EndProject
Project("{FAE04EC0-301F-11D3-BF4B-00C04F79EFBC}") = "CalifornianHealth.ApiService", "src\CalifornianHealth.ApiService\CalifornianHealth.ApiService.csproj", "{F30C7531-13D9-4158-8C54-4EFC7062E9FA}"
EndProject
Global
	GlobalSection(SolutionConfigurationPlatforms) = preSolution
		Debug|Any CPU = Debug|Any CPU
		Release|Any CPU = Release|Any CPU
	EndGlobalSection
	GlobalSection(ProjectConfigurationPlatforms) = postSolution
		{BE086C21-9F1E-4C01-8575-AE2617FF0713}.Debug|Any CPU.ActiveCfg = Debug|Any CPU
		{BE086C21-9F1E-4C01-8575-AE2617FF0713}.Debug|Any CPU.Build.0 = Debug|Any CPU
		{BE086C21-9F1E-4C01-8575-AE2617FF0713}.Release|Any CPU.ActiveCfg = Release|Any CPU
		{BE086C21-9F1E-4C01-8575-AE2617FF0713}.Release|Any CPU.Build.0 = Release|Any CPU
		{41ADBBF0-CFE9-4A6D-B495-103E79CCBF46}.Debug|Any CPU.ActiveCfg = Debug|Any CPU
		{41ADBBF0-CFE9-4A6D-B495-103E79CCBF46}.Debug|Any CPU.Build.0 = Debug|Any CPU
		{41ADBBF0-CFE9-4A6D-B495-103E79CCBF46}.Release|Any CPU.ActiveCfg = Release|Any CPU
		{41ADBBF0-CFE9-4A6D-B495-103E79CCBF46}.Release|Any CPU.Build.0 = Release|Any CPU
		{F30C7531-13D9-4158-8C54-4EFC7062E9FA}.Debug|Any CPU.ActiveCfg = Debug|Any CPU
		{F30C7531-13D9-4158-8C54-4EFC7062E9FA}.Debug|Any CPU.Build.0 = Debug|Any CPU
		{F30C7531-13D9-4158-8C54-4EFC7062E9FA}.Release|Any CPU.ActiveCfg = Release|Any CPU
		{F30C7531-13D9-4158-8C54-4EFC7062E9FA}.Release|Any CPU.Build.0 = Release|Any CPU
	EndGlobalSection
	GlobalSection(SolutionProperties) = preSolution
		HideSolutionNode = FALSE
	EndGlobalSection
	GlobalSection(NestedProjects) = preSolution
		{BE086C21-9F1E-4C01-8575-AE2617FF0713} = {A291B7DD-84F0-494C-A4C1-E3C5D70F6A60}
		{41ADBBF0-CFE9-4A6D-B495-103E79CCBF46} = {A291B7DD-84F0-494C-A4C1-E3C5D70F6A60}
		{F30C7531-13D9-4158-8C54-4EFC7062E9FA} = {A291B7DD-84F0-494C-A4C1-E3C5D70F6A60}
	EndGlobalSection
	GlobalSection(ExtensibilityGlobals) = postSolution
		SolutionGuid = {2B6BABC1-7CDA-436F-8205-64403E4003EC}
	EndGlobalSection
EndGlobal
